
Microsoft Visual Studio Solution File, Format Version 12.00
# Visual Studio Version 16
VisualStudioVersion = 16.0.30413.136
MinimumVisualStudioVersion = 10.0.40219.1
Project("{00D1A9C2-B5F0-4AF3-8072-F6C62B433612}") = "demoproject", "demoproject\demoproject.sqlproj", "{302B89D2-F2C8-4966-9120-8FCEC67B6983}"
EndProject
Global
	GlobalSection(SolutionConfigurationPlatforms) = preSolution
		Debug|Any CPU = Debug|Any CPU
		Release|Any CPU = Release|Any CPU
	EndGlobalSection
	GlobalSection(ProjectConfigurationPlatforms) = postSolution
		{302B89D2-F2C8-4966-9120-8FCEC67B6983}.Debug|Any CPU.ActiveCfg = Debug|Any CPU
		{302B89D2-F2C8-4966-9120-8FCEC67B6983}.Debug|Any CPU.Build.0 = Debug|Any CPU
		{302B89D2-F2C8-4966-9120-8FCEC67B6983}.Debug|Any CPU.Deploy.0 = Debug|Any CPU
		{302B89D2-F2C8-4966-9120-8FCEC67B6983}.Release|Any CPU.ActiveCfg = Release|Any CPU
		{302B89D2-F2C8-4966-9120-8FCEC67B6983}.Release|Any CPU.Build.0 = Release|Any CPU
		{302B89D2-F2C8-4966-9120-8FCEC67B6983}.Release|Any CPU.Deploy.0 = Release|Any CPU
	EndGlobalSection
	GlobalSection(SolutionProperties) = preSolution
		HideSolutionNode = FALSE
	EndGlobalSection
	GlobalSection(ExtensibilityGlobals) = postSolution
		SolutionGuid = {A28AACB0-4347-4422-9934-C866FD66104C}
	EndGlobalSection
EndGlobal
